version = 1
revision = 3
requires-python = ">=3.14"

[[package]]
name = "terminal-nav"
version = "0.1.0"
source = { virtual = "." }
dependencies = [
    { name = "windows-curses" },
]

[package.metadata]
requires-dist = [{ name = "windows-curses", specifier = ">=2.4.2" }]

[[package]]
name = "windows-curses"
version = "2.4.2"
source = { registry = "https://pypi.org/simple" }
wheels = [
    { url = "https://files.pythonhosted.org/packages/d2/22/f90c7d1d83464eb63345802f33e8de41bd732521d9a60a69ad985c8faa90/windows_curses-2.4.2-cp314-cp314-win32.whl", hash = "sha256:a970bf067b3126251423b4da051ef8c1c77acf6294ec96a7d6de7f6b9e5c27a0", size = 77028, upload-time = "2026-03-31T12:44:42.611Z" },
    { url = "https://files.pythonhosted.org/packages/6f/6a/1f8754de746474a049a841e139b443b250a96908d6913ccf2db9a4303584/windows_curses-2.4.2-cp314-cp314-win_amd64.whl", hash = "sha256:6c22cb0310500dfbfe54c76354e37070e300d5473596d48ac4f9c65b2d578b6f", size = 86361, upload-time = "2026-03-31T12:44:43.893Z" },
]
